
Microsoft Visual Studio Solution File, Format Version 12.00
# Visual Studio Version 17
VisualStudioVersion = 17.4.33103.184
MinimumVisualStudioVersion = 10.0.40219.1
Project("{9A19103F-16F7-4668-BE54-9A1E7A4F7556}") = "ConnectPro", "ContactPro\ConnectPro.csproj", "{5FDAB6EC-EBD9-44CA-86BC-CFDD8A4750DB}"
EndProject
Global
	GlobalSection(SolutionConfigurationPlatforms) = preSolution
		Debug|Any CPU = Debug|Any CPU
		Release|Any CPU = Release|Any CPU
	EndGlobalSection
	GlobalSection(ProjectConfigurationPlatforms) = postSolution
		{5FDAB6EC-EBD9-44CA-86BC-CFDD8A4750DB}.Debug|Any CPU.ActiveCfg = Debug|Any CPU
		{5FDAB6EC-EBD9-44CA-86BC-CFDD8A4750DB}.Debug|Any CPU.Build.0 = Debug|Any CPU
		{5FDAB6EC-EBD9-44CA-86BC-CFDD8A4750DB}.Release|Any CPU.ActiveCfg = Release|Any CPU
		{5FDAB6EC-EBD9-44CA-86BC-CFDD8A4750DB}.Release|Any CPU.Build.0 = Release|Any CPU
	EndGlobalSection
	GlobalSection(SolutionProperties) = preSolution
		HideSolutionNode = FALSE
	EndGlobalSection
	GlobalSection(ExtensibilityGlobals) = postSolution
		SolutionGuid = {AB4A1E25-CC64-4F10-9D3E-3397AC0F7A8B}
	EndGlobalSection
EndGlobal
